
Microsoft Visual Studio Solution File, Format Version 12.00
# Visual Studio 14
VisualStudioVersion = 14.0.25123.0
MinimumVisualStudioVersion = 10.0.40219.1
Project("{FAE04EC0-301F-11D3-BF4B-00C04F79EFBC}") = "Lycothrope", "src\Lycothrope\Lycothrope.csproj", "{490C48BC-F563-459B-934E-88F72EAEC7AA}"
EndProject
Project("{FAE04EC0-301F-11D3-BF4B-00C04F79EFBC}") = "Lycothrope.Tests", "tests\Lycothrope.Tests\Lycothrope.Tests.csproj", "{AEB02AE7-66B3-497B-AE83-07180A6082FD}"
EndProject
Project("{FAE04EC0-301F-11D3-BF4B-00C04F79EFBC}") = "Lycothrope.Forms", "src\Lycothrope.Forms\Lycothrope.Forms.csproj", "{7F769938-1775-4970-99BE-277B5602F7FB}"
EndProject
Project("{FAE04EC0-301F-11D3-BF4B-00C04F79EFBC}") = "Lycothrope.Forms.Tests", "tests\Lycothrope.Forms.Tests\Lycothrope.Forms.Tests.csproj", "{F292601E-EE46-443E-8766-BE4279927C59}"
EndProject
Global
	GlobalSection(SolutionConfigurationPlatforms) = preSolution
		Debug|Any CPU = Debug|Any CPU
		Release|Any CPU = Release|Any CPU
	EndGlobalSection
	GlobalSection(ProjectConfigurationPlatforms) = postSolution
		{490C48BC-F563-459B-934E-88F72EAEC7AA}.Debug|Any CPU.ActiveCfg = Debug|Any CPU
		{490C48BC-F563-459B-934E-88F72EAEC7AA}.Debug|Any CPU.Build.0 = Debug|Any CPU
		{490C48BC-F563-459B-934E-88F72EAEC7AA}.Release|Any CPU.ActiveCfg = Release|Any CPU
		{490C48BC-F563-459B-934E-88F72EAEC7AA}.Release|Any CPU.Build.0 = Release|Any CPU
		{AEB02AE7-66B3-497B-AE83-07180A6082FD}.Debug|Any CPU.ActiveCfg = Debug|Any CPU
		{AEB02AE7-66B3-497B-AE83-07180A6082FD}.Debug|Any CPU.Build.0 = Debug|Any CPU
		{AEB02AE7-66B3-497B-AE83-07180A6082FD}.Release|Any CPU.ActiveCfg = Release|Any CPU
		{AEB02AE7-66B3-497B-AE83-07180A6082FD}.Release|Any CPU.Build.0 = Release|Any CPU
		{7F769938-1775-4970-99BE-277B5602F7FB}.Debug|Any CPU.ActiveCfg = Debug|Any CPU
		{7F769938-1775-4970-99BE-277B5602F7FB}.Debug|Any CPU.Build.0 = Debug|Any CPU
		{7F769938-1775-4970-99BE-277B5602F7FB}.Release|Any CPU.ActiveCfg = Release|Any CPU
		{7F769938-1775-4970-99BE-277B5602F7FB}.Release|Any CPU.Build.0 = Release|Any CPU
		{F292601E-EE46-443E-8766-BE4279927C59}.Debug|Any CPU.ActiveCfg = Debug|Any CPU
		{F292601E-EE46-443E-8766-BE4279927C59}.Debug|Any CPU.Build.0 = Debug|Any CPU
		{F292601E-EE46-443E-8766-BE4279927C59}.Release|Any CPU.ActiveCfg = Release|Any CPU
		{F292601E-EE46-443E-8766-BE4279927C59}.Release|Any CPU.Build.0 = Release|Any CPU
	EndGlobalSection
	GlobalSection(SolutionProperties) = preSolution
		HideSolutionNode = FALSE
	EndGlobalSection
EndGlobal
